
Microsoft Visual Studio Solution File, Format Version 12.00
# Visual Studio Version 17
VisualStudioVersion = 17.1.32210.238
MinimumVisualStudioVersion = 10.0.40219.1
Project("{9A19103F-16F7-4668-BE54-9A1E7A4F7556}") = "DataAccesLayer", "DataAccesLayer\DataAccesLayer.csproj", "{AB36F1E6-0129-4463-94DA-93AFC0258B5E}"
EndProject
Project("{9A19103F-16F7-4668-BE54-9A1E7A4F7556}") = "BusinessLayer", "BusinessLayer\BusinessLayer.csproj", "{913FF808-1E41-45E4-B3B5-66A623EE6443}"
EndProject
Project("{FAE04EC0-301F-11D3-BF4B-00C04F79EFBC}") = "WPFApp", "WPFApp\WPFApp.csproj", "{6B36A62F-4369-48AA-944D-CFF29B6D5DB2}"
EndProject
Global
	GlobalSection(SolutionConfigurationPlatforms) = preSolution
		Debug|Any CPU = Debug|Any CPU
		Release|Any CPU = Release|Any CPU
	EndGlobalSection
	GlobalSection(ProjectConfigurationPlatforms) = postSolution
		{AB36F1E6-0129-4463-94DA-93AFC0258B5E}.Debug|Any CPU.ActiveCfg = Debug|Any CPU
		{AB36F1E6-0129-4463-94DA-93AFC0258B5E}.Debug|Any CPU.Build.0 = Debug|Any CPU
		{AB36F1E6-0129-4463-94DA-93AFC0258B5E}.Release|Any CPU.ActiveCfg = Release|Any CPU
		{AB36F1E6-0129-4463-94DA-93AFC0258B5E}.Release|Any CPU.Build.0 = Release|Any CPU
		{913FF808-1E41-45E4-B3B5-66A623EE6443}.Debug|Any CPU.ActiveCfg = Debug|Any CPU
		{913FF808-1E41-45E4-B3B5-66A623EE6443}.Debug|Any CPU.Build.0 = Debug|Any CPU
		{913FF808-1E41-45E4-B3B5-66A623EE6443}.Release|Any CPU.ActiveCfg = Release|Any CPU
		{913FF808-1E41-45E4-B3B5-66A623EE6443}.Release|Any CPU.Build.0 = Release|Any CPU
		{6B36A62F-4369-48AA-944D-CFF29B6D5DB2}.Debug|Any CPU.ActiveCfg = Debug|Any CPU
		{6B36A62F-4369-48AA-944D-CFF29B6D5DB2}.Debug|Any CPU.Build.0 = Debug|Any CPU
		{6B36A62F-4369-48AA-944D-CFF29B6D5DB2}.Release|Any CPU.ActiveCfg = Release|Any CPU
		{6B36A62F-4369-48AA-944D-CFF29B6D5DB2}.Release|Any CPU.Build.0 = Release|Any CPU
	EndGlobalSection
	GlobalSection(SolutionProperties) = preSolution
		HideSolutionNode = FALSE
	EndGlobalSection
	GlobalSection(ExtensibilityGlobals) = postSolution
		SolutionGuid = {755B75C7-6834-4B06-9BF4-871D3A37C850}
	EndGlobalSection
EndGlobal
